
Microsoft Visual Studio Solution File, Format Version 12.00
# Visual Studio Version 17
VisualStudioVersion = 17.9.34701.34
MinimumVisualStudioVersion = 10.0.40219.1
Project("{FAE04EC0-301F-11D3-BF4B-00C04F79EFBC}") = "EventExample", "EventExample.csproj", "{BB82B818-88A4-4F6B-81E4-5ED25C5FB802}"
EndProject
Global
	GlobalSection(SolutionConfigurationPlatforms) = preSolution
		Debug|Any CPU = Debug|Any CPU
		Release|Any CPU = Release|Any CPU
	EndGlobalSection
	GlobalSection(ProjectConfigurationPlatforms) = postSolution
		{BB82B818-88A4-4F6B-81E4-5ED25C5FB802}.Debug|Any CPU.ActiveCfg = Debug|Any CPU
		{BB82B818-88A4-4F6B-81E4-5ED25C5FB802}.Debug|Any CPU.Build.0 = Debug|Any CPU
		{BB82B818-88A4-4F6B-81E4-5ED25C5FB802}.Release|Any CPU.ActiveCfg = Release|Any CPU
		{BB82B818-88A4-4F6B-81E4-5ED25C5FB802}.Release|Any CPU.Build.0 = Release|Any CPU
	EndGlobalSection
	GlobalSection(SolutionProperties) = preSolution
		HideSolutionNode = FALSE
	EndGlobalSection
	GlobalSection(ExtensibilityGlobals) = postSolution
		SolutionGuid = {42B085C4-3597-49D4-A6EF-D3034C387E26}
	EndGlobalSection
EndGlobal
