
Microsoft Visual Studio Solution File, Format Version 12.00
# Visual Studio Version 17
VisualStudioVersion = 17.9.34701.34
MinimumVisualStudioVersion = 10.0.40219.1
Project("{FAE04EC0-301F-11D3-BF4B-00C04F79EFBC}") = "params", "params.csproj", "{26D56846-7649-4458-8559-5918128BFA61}"
EndProject
Global
	GlobalSection(SolutionConfigurationPlatforms) = preSolution
		Debug|Any CPU = Debug|Any CPU
		Release|Any CPU = Release|Any CPU
	EndGlobalSection
	GlobalSection(ProjectConfigurationPlatforms) = postSolution
		{26D56846-7649-4458-8559-5918128BFA61}.Debug|Any CPU.ActiveCfg = Debug|Any CPU
		{26D56846-7649-4458-8559-5918128BFA61}.Debug|Any CPU.Build.0 = Debug|Any CPU
		{26D56846-7649-4458-8559-5918128BFA61}.Release|Any CPU.ActiveCfg = Release|Any CPU
		{26D56846-7649-4458-8559-5918128BFA61}.Release|Any CPU.Build.0 = Release|Any CPU
	EndGlobalSection
	GlobalSection(SolutionProperties) = preSolution
		HideSolutionNode = FALSE
	EndGlobalSection
	GlobalSection(ExtensibilityGlobals) = postSolution
		SolutionGuid = {1A9BD3A5-81AA-405B-AD30-C930483EECB8}
	EndGlobalSection
EndGlobal
