
Microsoft Visual Studio Solution File, Format Version 12.00
# Visual Studio Version 17
VisualStudioVersion = 17.9.34701.34
MinimumVisualStudioVersion = 10.0.40219.1
Project("{FAE04EC0-301F-11D3-BF4B-00C04F79EFBC}") = "exampleform", "exampleform.csproj", "{B64EC651-D9FA-4797-9536-6A990C9DFCB9}"
EndProject
Global
	GlobalSection(SolutionConfigurationPlatforms) = preSolution
		Debug|Any CPU = Debug|Any CPU
		Release|Any CPU = Release|Any CPU
	EndGlobalSection
	GlobalSection(ProjectConfigurationPlatforms) = postSolution
		{B64EC651-D9FA-4797-9536-6A990C9DFCB9}.Debug|Any CPU.ActiveCfg = Debug|Any CPU
		{B64EC651-D9FA-4797-9536-6A990C9DFCB9}.Debug|Any CPU.Build.0 = Debug|Any CPU
		{B64EC651-D9FA-4797-9536-6A990C9DFCB9}.Release|Any CPU.ActiveCfg = Release|Any CPU
		{B64EC651-D9FA-4797-9536-6A990C9DFCB9}.Release|Any CPU.Build.0 = Release|Any CPU
	EndGlobalSection
	GlobalSection(SolutionProperties) = preSolution
		HideSolutionNode = FALSE
	EndGlobalSection
	GlobalSection(ExtensibilityGlobals) = postSolution
		SolutionGuid = {0DB435A9-C929-4293-8E0E-46E7C6FF38AD}
	EndGlobalSection
EndGlobal
