
Microsoft Visual Studio Solution File, Format Version 12.00
# Visual Studio Version 17
VisualStudioVersion = 17.9.34701.34
MinimumVisualStudioVersion = 10.0.40219.1
Project("{FAE04EC0-301F-11D3-BF4B-00C04F79EFBC}") = "enum", "enum.csproj", "{EDFB7DE3-563B-4D0C-889C-F7A6919C0EF0}"
EndProject
Global
	GlobalSection(SolutionConfigurationPlatforms) = preSolution
		Debug|Any CPU = Debug|Any CPU
		Release|Any CPU = Release|Any CPU
	EndGlobalSection
	GlobalSection(ProjectConfigurationPlatforms) = postSolution
		{EDFB7DE3-563B-4D0C-889C-F7A6919C0EF0}.Debug|Any CPU.ActiveCfg = Debug|Any CPU
		{EDFB7DE3-563B-4D0C-889C-F7A6919C0EF0}.Debug|Any CPU.Build.0 = Debug|Any CPU
		{EDFB7DE3-563B-4D0C-889C-F7A6919C0EF0}.Release|Any CPU.ActiveCfg = Release|Any CPU
		{EDFB7DE3-563B-4D0C-889C-F7A6919C0EF0}.Release|Any CPU.Build.0 = Release|Any CPU
	EndGlobalSection
	GlobalSection(SolutionProperties) = preSolution
		HideSolutionNode = FALSE
	EndGlobalSection
	GlobalSection(ExtensibilityGlobals) = postSolution
		SolutionGuid = {9A2454B2-0620-4CCE-9B1B-4D30F8AC74A7}
	EndGlobalSection
EndGlobal
