
Microsoft Visual Studio Solution File, Format Version 12.00
# Visual Studio Version 17
VisualStudioVersion = 17.9.34701.34
MinimumVisualStudioVersion = 10.0.40219.1
Project("{9A19103F-16F7-4668-BE54-9A1E7A4F7556}") = "expressions", "expressions.csproj", "{97AA3ED1-2F1E-4F73-B548-4495EED788B9}"
EndProject
Project("{FAE04EC0-301F-11D3-BF4B-00C04F79EFBC}") = "example", "..\example\example.csproj", "{C8629146-67DA-46BB-BD55-BAE67D187C5F}"
EndProject
Global
	GlobalSection(SolutionConfigurationPlatforms) = preSolution
		Debug|Any CPU = Debug|Any CPU
		Release|Any CPU = Release|Any CPU
	EndGlobalSection
	GlobalSection(ProjectConfigurationPlatforms) = postSolution
		{97AA3ED1-2F1E-4F73-B548-4495EED788B9}.Debug|Any CPU.ActiveCfg = Debug|Any CPU
		{97AA3ED1-2F1E-4F73-B548-4495EED788B9}.Debug|Any CPU.Build.0 = Debug|Any CPU
		{97AA3ED1-2F1E-4F73-B548-4495EED788B9}.Release|Any CPU.ActiveCfg = Release|Any CPU
		{97AA3ED1-2F1E-4F73-B548-4495EED788B9}.Release|Any CPU.Build.0 = Release|Any CPU
		{C8629146-67DA-46BB-BD55-BAE67D187C5F}.Debug|Any CPU.ActiveCfg = Debug|Any CPU
		{C8629146-67DA-46BB-BD55-BAE67D187C5F}.Debug|Any CPU.Build.0 = Debug|Any CPU
		{C8629146-67DA-46BB-BD55-BAE67D187C5F}.Release|Any CPU.ActiveCfg = Release|Any CPU
		{C8629146-67DA-46BB-BD55-BAE67D187C5F}.Release|Any CPU.Build.0 = Release|Any CPU
	EndGlobalSection
	GlobalSection(SolutionProperties) = preSolution
		HideSolutionNode = FALSE
	EndGlobalSection
	GlobalSection(ExtensibilityGlobals) = postSolution
		SolutionGuid = {FBB0ACB9-4002-4052-BC01-B6B5253C3343}
	EndGlobalSection
EndGlobal
