
Microsoft Visual Studio Solution File, Format Version 12.00
# Visual Studio Version 17
VisualStudioVersion = 17.10.34902.84
MinimumVisualStudioVersion = 10.0.40219.1
Project("{FAE04EC0-301F-11D3-BF4B-00C04F79EFBC}") = "switchcase", "switchcase.csproj", "{1937F7AC-55C6-4581-B80C-A25FB4EDA7BF}"
EndProject
Global
	GlobalSection(SolutionConfigurationPlatforms) = preSolution
		Debug|Any CPU = Debug|Any CPU
		Release|Any CPU = Release|Any CPU
	EndGlobalSection
	GlobalSection(ProjectConfigurationPlatforms) = postSolution
		{1937F7AC-55C6-4581-B80C-A25FB4EDA7BF}.Debug|Any CPU.ActiveCfg = Debug|Any CPU
		{1937F7AC-55C6-4581-B80C-A25FB4EDA7BF}.Debug|Any CPU.Build.0 = Debug|Any CPU
		{1937F7AC-55C6-4581-B80C-A25FB4EDA7BF}.Release|Any CPU.ActiveCfg = Release|Any CPU
		{1937F7AC-55C6-4581-B80C-A25FB4EDA7BF}.Release|Any CPU.Build.0 = Release|Any CPU
	EndGlobalSection
	GlobalSection(SolutionProperties) = preSolution
		HideSolutionNode = FALSE
	EndGlobalSection
	GlobalSection(ExtensibilityGlobals) = postSolution
		SolutionGuid = {AC70B6C7-50C2-40BB-ABFC-31394F05583E}
	EndGlobalSection
EndGlobal
