
Microsoft Visual Studio Solution File, Format Version 12.00
# Visual Studio Version 17
VisualStudioVersion = 17.9.34701.34
MinimumVisualStudioVersion = 10.0.40219.1
Project("{FAE04EC0-301F-11D3-BF4B-00C04F79EFBC}") = "paramets", "paramets.csproj", "{5F1E37E5-2BD5-46D1-B01E-966175116A8E}"
EndProject
Global
	GlobalSection(SolutionConfigurationPlatforms) = preSolution
		Debug|Any CPU = Debug|Any CPU
		Release|Any CPU = Release|Any CPU
	EndGlobalSection
	GlobalSection(ProjectConfigurationPlatforms) = postSolution
		{5F1E37E5-2BD5-46D1-B01E-966175116A8E}.Debug|Any CPU.ActiveCfg = Debug|Any CPU
		{5F1E37E5-2BD5-46D1-B01E-966175116A8E}.Debug|Any CPU.Build.0 = Debug|Any CPU
		{5F1E37E5-2BD5-46D1-B01E-966175116A8E}.Release|Any CPU.ActiveCfg = Release|Any CPU
		{5F1E37E5-2BD5-46D1-B01E-966175116A8E}.Release|Any CPU.Build.0 = Release|Any CPU
	EndGlobalSection
	GlobalSection(SolutionProperties) = preSolution
		HideSolutionNode = FALSE
	EndGlobalSection
	GlobalSection(ExtensibilityGlobals) = postSolution
		SolutionGuid = {AC686B24-A26E-45C7-9F3B-8CE73AFC5CFD}
	EndGlobalSection
EndGlobal
