
Microsoft Visual Studio Solution File, Format Version 12.00
# Visual Studio Version 17
VisualStudioVersion = 17.9.34701.34
MinimumVisualStudioVersion = 10.0.40219.1
Project("{9A19103F-16F7-4668-BE54-9A1E7A4F7556}") = "GenericExample", "GenericExample.csproj", "{33001652-C01D-41BA-B6DF-834820EEDCF0}"
EndProject
Global
	GlobalSection(SolutionConfigurationPlatforms) = preSolution
		Debug|Any CPU = Debug|Any CPU
		Release|Any CPU = Release|Any CPU
	EndGlobalSection
	GlobalSection(ProjectConfigurationPlatforms) = postSolution
		{33001652-C01D-41BA-B6DF-834820EEDCF0}.Debug|Any CPU.ActiveCfg = Debug|Any CPU
		{33001652-C01D-41BA-B6DF-834820EEDCF0}.Debug|Any CPU.Build.0 = Debug|Any CPU
		{33001652-C01D-41BA-B6DF-834820EEDCF0}.Release|Any CPU.ActiveCfg = Release|Any CPU
		{33001652-C01D-41BA-B6DF-834820EEDCF0}.Release|Any CPU.Build.0 = Release|Any CPU
	EndGlobalSection
	GlobalSection(SolutionProperties) = preSolution
		HideSolutionNode = FALSE
	EndGlobalSection
	GlobalSection(ExtensibilityGlobals) = postSolution
		SolutionGuid = {6F19B79F-ECC4-4FD4-9996-F416C72B24CE}
	EndGlobalSection
EndGlobal
